dependencies:
  kubernetes:
    version: 1.30.2
    previousVersion: 1.28.4
    versions:
    - 1.30.2
    githubRelease:
      assets: []
      assets_url: https://api.github.com/repos/kubernetes/kubernetes/releases/160003381/assets
      author:
        avatar_url: https://avatars.githubusercontent.com/u/33505452?v=4
        events_url: https://api.github.com/users/k8s-release-robot/events{/privacy}
        followers_url: https://api.github.com/users/k8s-release-robot/followers
        following_url: https://api.github.com/users/k8s-release-robot/following{/other_user}
        gists_url: https://api.github.com/users/k8s-release-robot/gists{/gist_id}
        gravatar_id: ""
        html_url: https://github.com/k8s-release-robot
        id: 33505452
        login: k8s-release-robot
        node_id: MDQ6VXNlcjMzNTA1NDUy
        organizations_url: https://api.github.com/users/k8s-release-robot/orgs
        received_events_url: https://api.github.com/users/k8s-release-robot/received_events
        repos_url: https://api.github.com/users/k8s-release-robot/repos
        site_admin: false
        starred_url: https://api.github.com/users/k8s-release-robot/starred{/owner}{/repo}
        subscriptions_url: https://api.github.com/users/k8s-release-robot/subscriptions
        type: User
        url: https://api.github.com/users/k8s-release-robot
      body: |2+

        See [kubernetes-announce@](https://groups.google.com/forum/#!forum/kubernetes-announce). Additional binary downloads are linked in the [CHANGELOG](https://github.com/kubernetes/kubernetes/blob/master/CHANGELOG/CHANGELOG-1.30.md).

        See [the CHANGELOG](https://github.com/kubernetes/kubernetes/blob/master/CHANGELOG/CHANGELOG-1.30.md) for more details.



      created_at: "2024-06-11T20:20:59Z"
      draft: false
      html_url: https://github.com/kubernetes/kubernetes/releases/tag/v1.30.2
      id: 160003381
      name: Kubernetes v1.30.2
      node_id: RE_kwDOAToIks4JiXU1
      prerelease: false
      published_at: "2024-06-12T04:05:34Z"
      reactions:
        "+1": 10
        "-1": 0
        confused: 0
        eyes: 3
        heart: 4
        hooray: 6
        laugh: 3
        rocket: 9
        total_count: 35
        url: https://api.github.com/repos/kubernetes/kubernetes/releases/160003381/reactions
      tag_name: v1.30.2
      tarball_url: https://api.github.com/repos/kubernetes/kubernetes/tarball/v1.30.2
      target_commitish: master
      upload_url: https://uploads.github.com/repos/kubernetes/kubernetes/releases/160003381/assets{?name,label}
      url: https://api.github.com/repos/kubernetes/kubernetes/releases/160003381
      zipball_url: https://api.github.com/repos/kubernetes/kubernetes/zipball/v1.30.2
meta:
  dependencies:
    kubernetes:
      1.30.2:
        githubRelease:
          assets: []
          assets_url: https://api.github.com/repos/kubernetes/kubernetes/releases/160003381/assets
          author:
            avatar_url: https://avatars.githubusercontent.com/u/33505452?v=4
            events_url: https://api.github.com/users/k8s-release-robot/events{/privacy}
            followers_url: https://api.github.com/users/k8s-release-robot/followers
            following_url: https://api.github.com/users/k8s-release-robot/following{/other_user}
            gists_url: https://api.github.com/users/k8s-release-robot/gists{/gist_id}
            gravatar_id: ""
            html_url: https://github.com/k8s-release-robot
            id: 33505452
            login: k8s-release-robot
            node_id: MDQ6VXNlcjMzNTA1NDUy
            organizations_url: https://api.github.com/users/k8s-release-robot/orgs
            received_events_url: https://api.github.com/users/k8s-release-robot/received_events
            repos_url: https://api.github.com/users/k8s-release-robot/repos
            site_admin: false
            starred_url: https://api.github.com/users/k8s-release-robot/starred{/owner}{/repo}
            subscriptions_url: https://api.github.com/users/k8s-release-robot/subscriptions
            type: User
            url: https://api.github.com/users/k8s-release-robot
          body: |2+

            See [kubernetes-announce@](https://groups.google.com/forum/#!forum/kubernetes-announce). Additional binary downloads are linked in the [CHANGELOG](https://github.com/kubernetes/kubernetes/blob/master/CHANGELOG/CHANGELOG-1.30.md).

            See [the CHANGELOG](https://github.com/kubernetes/kubernetes/blob/master/CHANGELOG/CHANGELOG-1.30.md) for more details.



          created_at: "2024-06-11T20:20:59Z"
          draft: false
          html_url: https://github.com/kubernetes/kubernetes/releases/tag/v1.30.2
          id: 160003381
          name: Kubernetes v1.30.2
          node_id: RE_kwDOAToIks4JiXU1
          prerelease: false
          published_at: "2024-06-12T04:05:34Z"
          reactions:
            "+1": 10
            "-1": 0
            confused: 0
            eyes: 3
            heart: 4
            hooray: 6
            laugh: 3
            rocket: 9
            total_count: 35
            url: https://api.github.com/repos/kubernetes/kubernetes/releases/160003381/reactions
          tag_name: v1.30.2
          tarball_url: https://api.github.com/repos/kubernetes/kubernetes/tarball/v1.30.2
          target_commitish: master
          upload_url: https://uploads.github.com/repos/kubernetes/kubernetes/releases/160003381/assets{?name,label}
          url: https://api.github.com/repos/kubernetes/kubernetes/releases/160003381
          zipball_url: https://api.github.com/repos/kubernetes/kubernetes/zipball/v1.30.2
